// !$*UTF8*$!
{
	archiveVersion = 1;
	classes = {
	};
	objectVersion = 50;
	objects = {

/* Begin PBXBuildFile section */
		DD750F9D258674E300498DC3 /* AppDelegate.swift in Sources */ = {isa = PBXBuildFile; fileRef = DD750F9C258674E300498DC3 /* AppDelegate.swift */; };
		DD750F9F258674E300498DC3 /* SceneDelegate.swift in Sources */ = {isa = PBXBuildFile; fileRef = DD750F9E258674E300498DC3 /* SceneDelegate.swift */; };
		DD750FA1258674E300498DC3 /* ViewController.swift in Sources */ = {isa = PBXBuildFile; fileRef = DD750FA0258674E300498DC3 /* ViewController.swift */; };
		DD750FA4258674E300498DC3 /* Main.storyboard in Resources */ = {isa = PBXBuildFile; fileRef = DD750FA2258674E300498DC3 /* Main.storyboard */; };
		DD750FA6258674E400498DC3 /* Assets.xcassets in Resources */ = {isa = PBXBuildFile; fileRef = DD750FA5258674E400498DC3 /* Assets.xcassets */; };
		DD750FA9258674E400498DC3 /* LaunchScreen.storyboard in Resources */ = {isa = PBXBuildFile; fileRef = DD750FA7258674E400498DC3 /* LaunchScreen.storyboard */; };
		DD750FB4258674E500498DC3 /* WizardSchoolSignUpUIKitTests.swift in Sources */ = {isa = PBXBuildFile; fileRef = DD750FB3258674E500498DC3 /* WizardSchoolSignUpUIKitTests.swift */; };
		DD750FBF258674E500498DC3 /* WizardSchoolSignUpUIKitUITests.swift in Sources */ = {isa = PBXBuildFile; fileRef = DD750FBE258674E500498DC3 /* WizardSchoolSignUpUIKitUITests.swift */; };
/* End PBXBuildFile section */

/* Begin PBXContainerItemProxy section */
		DD750FB0258674E500498DC3 /* PBXContainerItemProxy */ = {
			isa = PBXContainerItemProxy;
			containerPortal = DD750F91258674E300498DC3 /* Project object */;
			proxyType = 1;
			remoteGlobalIDString = DD750F98258674E300498DC3;
			remoteInfo = WizardSchoolSignUpUIKit;
		};
		DD750FBB258674E500498DC3 /* PBXContainerItemProxy */ = {
			isa = PBXContainerItemProxy;
			containerPortal = DD750F91258674E300498DC3 /* Project object */;
			proxyType = 1;
			remoteGlobalIDString = DD750F98258674E300498DC3;
			remoteInfo = WizardSchoolSignUpUIKit;
		};
/* End PBXContainerItemProxy section */

/* Begin PBXFileReference section */
		DD750F99258674E300498DC3 /* WizardSchoolSignUpUIKit.app */ = {isa = PBXFileReference; explicitFileType = wrapper.application; includeInIndex = 0; path = WizardSchoolSignUpUIKit.app; sourceTree = BUILT_PRODUCTS_DIR; };
		DD750F9C258674E300498DC3 /* AppDelegate.swift */ = {isa = PBXFileReference; lastKnownFileType = sourcecode.swift; path = AppDelegate.swift; sourceTree = "<group>"; };
		DD750F9E258674E300498DC3 /* SceneDelegate.swift */ = {isa = PBXFileReference; lastKnownFileType = sourcecode.swift; path = SceneDelegate.swift; sourceTree = "<group>"; };
		DD750FA0258674E300498DC3 /* ViewController.swift */ = {isa = PBXFileReference; lastKnownFileType = sourcecode.swift; path = ViewController.swift; sourceTree = "<group>"; };
		DD750FA3258674E300498DC3 /* Base */ = {isa = PBXFileReference; lastKnownFileType = file.storyboard; name = Base; path = Base.lproj/Main.storyboard; sourceTree = "<group>"; };
		DD750FA5258674E400498DC3 /* Assets.xcassets */ = {isa = PBXFileReference; lastKnownFileType = folder.assetcatalog; path = Assets.xcassets; sourceTree = "<group>"; };
		DD750FA8258674E400498DC3 /* Base */ = {isa = PBXFileReference; lastKnownFileType = file.storyboard; name = Base; path = Base.lproj/LaunchScreen.storyboard; sourceTree = "<group>"; };
		DD750FAA258674E400498DC3 /* Info.plist */ = {isa = PBXFileReference; lastKnownFileType = text.plist.xml; path = Info.plist; sourceTree = "<group>"; };
		DD750FAF258674E500498DC3 /* WizardSchoolSignUpUIKitTests.xctest */ = {isa = PBXFileReference; explicitFileType = wrapper.cfbundle; includeInIndex = 0; path = WizardSchoolSignUpUIKitTests.xctest; sourceTree = BUILT_PRODUCTS_DIR; };
		DD750FB3258674E500498DC3 /* WizardSchoolSignUpUIKitTests.swift */ = {isa = PBXFileReference; lastKnownFileType = sourcecode.swift; path = WizardSchoolSignUpUIKitTests.swift; sourceTree = "<group>"; };
		DD750FB5258674E500498DC3 /* Info.plist */ = {isa = PBXFileReference; lastKnownFileType = text.plist.xml; path = Info.plist; sourceTree = "<group>"; };
		DD750FBA258674E500498DC3 /* WizardSchoolSignUpUIKitUITests.xctest */ = {isa = PBXFileReference; explicitFileType = wrapper.cfbundle; includeInIndex = 0; path = WizardSchoolSignUpUIKitUITests.xctest; sourceTree = BUILT_PRODUCTS_DIR; };
		DD750FBE258674E500498DC3 /* WizardSchoolSignUpUIKitUITests.swift */ = {isa = PBXFileReference; lastKnownFileType = sourcecode.swift; path = WizardSchoolSignUpUIKitUITests.swift; sourceTree = "<group>"; };
		DD750FC0258674E500498DC3 /* Info.plist */ = {isa = PBXFileReference; lastKnownFileType = text.plist.xml; path = Info.plist; sourceTree = "<group>"; };
/* End PBXFileReference section */

/* Begin PBXFrameworksBuildPhase section */
		DD750F96258674E300498DC3 /* Frameworks */ = {
			isa = PBXFrameworksBuildPhase;
			buildActionMask = 2147483647;
			files = (
			);
			runOnlyForDeploymentPostprocessing = 0;
		};
		DD750FAC258674E500498DC3 /* Frameworks */ = {
			isa = PBXFrameworksBuildPhase;
			buildActionMask = 2147483647;
			files = (
			);
			runOnlyForDeploymentPostprocessing = 0;
		};
		DD750FB7258674E500498DC3 /* Frameworks */ = {
			isa = PBXFrameworksBuildPhase;
			buildActionMask = 2147483647;
			files = (
			);
			runOnlyForDeploymentPostprocessing = 0;
		};
/* End PBXFrameworksBuildPhase section */

/* Begin PBXGroup section */
		DD750F90258674E300498DC3 = {
			isa = PBXGroup;
			children = (
				DD750F9B258674E300498DC3 /* WizardSchoolSignUpUIKit */,
				DD750FB2258674E500498DC3 /* WizardSchoolSignUpUIKitTests */,
				DD750FBD258674E500498DC3 /* WizardSchoolSignUpUIKitUITests */,
				DD750F9A258674E300498DC3 /* Products */,
			);
			sourceTree = "<group>";
		};
		DD750F9A258674E300498DC3 /* Products */ = {
			isa = PBXGroup;
			children = (
				DD750F99258674E300498DC3 /* WizardSchoolSignUpUIKit.app */,
				DD750FAF258674E500498DC3 /* WizardSchoolSignUpUIKitTests.xctest */,
				DD750FBA258674E500498DC3 /* WizardSchoolSignUpUIKitUITests.xctest */,
			);
			name = Products;
			sourceTree = "<group>";
		};
		DD750F9B258674E300498DC3 /* WizardSchoolSignUpUIKit */ = {
			isa = PBXGroup;
			children = (
				DD750F9C258674E300498DC3 /* AppDelegate.swift */,
				DD750F9E258674E300498DC3 /* SceneDelegate.swift */,
				DD750FA0258674E300498DC3 /* ViewController.swift */,
				DD750FA2258674E300498DC3 /* Main.storyboard */,
				DD750FA5258674E400498DC3 /* Assets.xcassets */,
				DD750FA7258674E400498DC3 /* LaunchScreen.storyboard */,
				DD750FAA258674E400498DC3 /* Info.plist */,
			);
			path = WizardSchoolSignUpUIKit;
			sourceTree = "<group>";
		};
		DD750FB2258674E500498DC3 /* WizardSchoolSignUpUIKitTests */ = {
			isa = PBXGroup;
			children = (
				DD750FB3258674E500498DC3 /* WizardSchoolSignUpUIKitTests.swift */,
				DD750FB5258674E500498DC3 /* Info.plist */,
			);
			path = WizardSchoolSignUpUIKitTests;
			sourceTree = "<group>";
		};
		DD750FBD258674E500498DC3 /* WizardSchoolSignUpUIKitUITests */ = {
			isa = PBXGroup;
			children = (
				DD750FBE258674E500498DC3 /* WizardSchoolSignUpUIKitUITests.swift */,
				DD750FC0258674E500498DC3 /* Info.plist */,
			);
			path = WizardSchoolSignUpUIKitUITests;
			sourceTree = "<group>";
		};
/* End PBXGroup section */

/* Begin PBXNativeTarget section */
		DD750F98258674E300498DC3 /* WizardSchoolSignUpUIKit */ = {
			isa = PBXNativeTarget;
			buildConfigurationList = DD750FC3258674E500498DC3 /* Build configuration list for PBXNativeTarget "WizardSchoolSignUpUIKit" */;
			buildPhases = (
				DD750F95258674E300498DC3 /* Sources */,
				DD750F96258674E300498DC3 /* Frameworks */,
				DD750F97258674E300498DC3 /* Resources */,
			);
			buildRules = (
			);
			dependencies = (
			);
			name = WizardSchoolSignUpUIKit;
			productName = WizardSchoolSignUpUIKit;
			productReference = DD750F99258674E300498DC3 /* WizardSchoolSignUpUIKit.app */;
			productType = "com.apple.product-type.application";
		};
		DD750FAE258674E500498DC3 /* WizardSchoolSignUpUIKitTests */ = {
			isa = PBXNativeTarget;
			buildConfigurationList = DD750FC6258674E500498DC3 /* Build configuration list for PBXNativeTarget "WizardSchoolSignUpUIKitTests" */;
			buildPhases = (
				DD750FAB258674E500498DC3 /* Sources */,
				DD750FAC258674E500498DC3 /* Frameworks */,
				DD750FAD258674E500498DC3 /* Resources */,
			);
			buildRules = (
			);
			dependencies = (
				DD750FB1258674E500498DC3 /* PBXTargetDependency */,
			);
			name = WizardSchoolSignUpUIKitTests;
			productName = WizardSchoolSignUpUIKitTests;
			productReference = DD750FAF258674E500498DC3 /* WizardSchoolSignUpUIKitTests.xctest */;
			productType = "com.apple.product-type.bundle.unit-test";
		};
		DD750FB9258674E500498DC3 /* WizardSchoolSignUpUIKitUITests */ = {
			isa = PBXNativeTarget;
			buildConfigurationList = DD750FC9258674E500498DC3 /* Build configuration list for PBXNativeTarget "WizardSchoolSignUpUIKitUITests" */;
			buildPhases = (
				DD750FB6258674E500498DC3 /* Sources */,
				DD750FB7258674E500498DC3 /* Frameworks */,
				DD750FB8258674E500498DC3 /* Resources */,
			);
			buildRules = (
			);
			dependencies = (
				DD750FBC258674E500498DC3 /* PBXTargetDependency */,
			);
			name = WizardSchoolSignUpUIKitUITests;
			productName = WizardSchoolSignUpUIKitUITests;
			productReference = DD750FBA258674E500498DC3 /* WizardSchoolSignUpUIKitUITests.xctest */;
			productType = "com.apple.product-type.bundle.ui-testing";
		};
/* End PBXNativeTarget section */

/* Begin PBXProject section */
		DD750F91258674E300498DC3 /* Project object */ = {
			isa = PBXProject;
			attributes = {
				LastSwiftUpdateCheck = 1220;
				LastUpgradeCheck = 1220;
				TargetAttributes = {
					DD750F98258674E300498DC3 = {
						CreatedOnToolsVersion = 12.2;
					};
					DD750FAE258674E500498DC3 = {
						CreatedOnToolsVersion = 12.2;
						TestTargetID = DD750F98258674E300498DC3;
					};
					DD750FB9258674E500498DC3 = {
						CreatedOnToolsVersion = 12.2;
						TestTargetID = DD750F98258674E300498DC3;
					};
				};
			};
			buildConfigurationList = DD750F94258674E300498DC3 /* Build configuration list for PBXProject "WizardSchoolSignUpUIKit" */;
			compatibilityVersion = "Xcode 9.3";
			developmentRegion = en;
			hasScannedForEncodings = 0;
			knownRegions = (
				en,
				Base,
			);
			mainGroup = DD750F90258674E300498DC3;
			productRefGroup = DD750F9A258674E300498DC3 /* Products */;
			projectDirPath = "";
			projectRoot = "";
			targets = (
				DD750F98258674E300498DC3 /* WizardSchoolSignUpUIKit */,
				DD750FAE258674E500498DC3 /* WizardSchoolSignUpUIKitTests */,
				DD750FB9258674E500498DC3 /* WizardSchoolSignUpUIKitUITests */,
			);
		};
/* End PBXProject section */

/* Begin PBXResourcesBuildPhase section */
		DD750F97258674E300498DC3 /* Resources */ = {
			isa = PBXResourcesBuildPhase;
			buildActionMask = 2147483647;
			files = (
				DD750FA9258674E400498DC3 /* LaunchScreen.storyboard in Resources */,
				DD750FA6258674E400498DC3 /* Assets.xcassets in Resources */,
				DD750FA4258674E300498DC3 /* Main.storyboard in Resources */,
			);
			runOnlyForDeploymentPostprocessing = 0;
		};
		DD750FAD258674E500498DC3 /* Resources */ = {
			isa = PBXResourcesBuildPhase;
			buildActionMask = 2147483647;
			files = (
			);
			runOnlyForDeploymentPostprocessing = 0;
		};
		DD750FB8258674E500498DC3 /* Resources */ = {
			isa = PBXResourcesBuildPhase;
			buildActionMask = 2147483647;
			files = (
			);
			runOnlyForDeploymentPostprocessing = 0;
		};
/* End PBXResourcesBuildPhase section */

/* Begin PBXSourcesBuildPhase section */
		DD750F95258674E300498DC3 /* Sources */ = {
			isa = PBXSourcesBuildPhase;
			buildActionMask = 2147483647;
			files = (
				DD750FA1258674E300498DC3 /* ViewController.swift in Sources */,
				DD750F9D258674E300498DC3 /* AppDelegate.swift in Sources */,
				DD750F9F258674E300498DC3 /* SceneDelegate.swift in Sources */,
			);
			runOnlyForDeploymentPostprocessing = 0;
		};
		DD750FAB258674E500498DC3 /* Sources */ = {
			isa = PBXSourcesBuildPhase;
			buildActionMask = 2147483647;
			files = (
				DD750FB4258674E500498DC3 /* WizardSchoolSignUpUIKitTests.swift in Sources */,
			);
			runOnlyForDeploymentPostprocessing = 0;
		};
		DD750FB6258674E500498DC3 /* Sources */ = {
			isa = PBXSourcesBuildPhase;
			buildActionMask = 2147483647;
			files = (
				DD750FBF258674E500498DC3 /* WizardSchoolSignUpUIKitUITests.swift in Sources */,
			);
			runOnlyForDeploymentPostprocessing = 0;
		};
/* End PBXSourcesBuildPhase section */

/* Begin PBXTargetDependency section */
		DD750FB1258674E500498DC3 /* PBXTargetDependency */ = {
			isa = PBXTargetDependency;
			target = DD750F98258674E300498DC3 /* WizardSchoolSignUpUIKit */;
			targetProxy = DD750FB0258674E500498DC3 /* PBXContainerItemProxy */;
		};
		DD750FBC258674E500498DC3 /* PBXTargetDependency */ = {
			isa = PBXTargetDependency;
			target = DD750F98258674E300498DC3 /* WizardSchoolSignUpUIKit */;
			targetProxy = DD750FBB258674E500498DC3 /* PBXContainerItemProxy */;
		};
/* End PBXTargetDependency section */

/* Begin PBXVariantGroup section */
		DD750FA2258674E300498DC3 /* Main.storyboard */ = {
			isa = PBXVariantGroup;
			children = (
				DD750FA3258674E300498DC3 /* Base */,
			);
			name = Main.storyboard;
			sourceTree = "<group>";
		};
		DD750FA7258674E400498DC3 /* LaunchScreen.storyboard */ = {
			isa = PBXVariantGroup;
			children = (
				DD750FA8258674E400498DC3 /* Base */,
			);
			name = LaunchScreen.storyboard;
			sourceTree = "<group>";
		};
/* End PBXVariantGroup section */

/* Begin XCBuildConfiguration section */
		DD750FC1258674E500498DC3 /* Debug */ = {
			isa = XCBuildConfiguration;
			buildSettings = {
				ALWAYS_SEARCH_USER_PATHS = NO;
				CLANG_ANALYZER_NONNULL = YES;
				CLANG_ANALYZER_NUMBER_OBJECT_CONVERSION = YES_AGGRESSIVE;
				CLANG_CXX_LANGUAGE_STANDARD = "gnu++14";
				CLANG_CXX_LIBRARY = "libc++";
				CLANG_ENABLE_MODULES = YES;
				CLANG_ENABLE_OBJC_ARC = YES;
				CLANG_ENABLE_OBJC_WEAK = YES;
				CLANG_WARN_BLOCK_CAPTURE_AUTORELEASING = YES;
				CLANG_WARN_BOOL_CONVERSION = YES;
				CLANG_WARN_COMMA = YES;
				CLANG_WARN_CONSTANT_CONVERSION = YES;
				CLANG_WARN_DEPRECATED_OBJC_IMPLEMENTATIONS = YES;
				CLANG_WARN_DIRECT_OBJC_ISA_USAGE = YES_ERROR;
				CLANG_WARN_DOCUMENTATION_COMMENTS = YES;
				CLANG_WARN_EMPTY_BODY = YES;
				CLANG_WARN_ENUM_CONVERSION = YES;
				CLANG_WARN_INFINITE_RECURSION = YES;
				CLANG_WARN_INT_CONVERSION = YES;
				CLANG_WARN_NON_LITERAL_NULL_CONVERSION = YES;
				CLANG_WARN_OBJC_IMPLICIT_RETAIN_SELF = YES;
				CLANG_WARN_OBJC_LITERAL_CONVERSION = YES;
				CLANG_WARN_OBJC_ROOT_CLASS = YES_ERROR;
				CLANG_WARN_QUOTED_INCLUDE_IN_FRAMEWORK_HEADER = YES;
				CLANG_WARN_RANGE_LOOP_ANALYSIS = YES;
				CLANG_WARN_STRICT_PROTOTYPES = YES;
				CLANG_WARN_SUSPICIOUS_MOVE = YES;
				CLANG_WARN_UNGUARDED_AVAILABILITY = YES_AGGRESSIVE;
				CLANG_WARN_UNREACHABLE_CODE = YES;
				CLANG_WARN__DUPLICATE_METHOD_MATCH = YES;
				COPY_PHASE_STRIP = NO;
				DEBUG_INFORMATION_FORMAT = dwarf;
				ENABLE_STRICT_OBJC_MSGSEND = YES;
				ENABLE_TESTABILITY = YES;
				GCC_C_LANGUAGE_STANDARD = gnu11;
				GCC_DYNAMIC_NO_PIC = NO;
				GCC_NO_COMMON_BLOCKS = YES;
				GCC_OPTIMIZATION_LEVEL = 0;
				GCC_PREPROCESSOR_DEFINITIONS = (
					"DEBUG=1",
					"$(inherited)",
				);
				GCC_WARN_64_TO_32_BIT_CONVERSION = YES;
				GCC_WARN_ABOUT_RETURN_TYPE = YES_ERROR;
				GCC_WARN_UNDECLARED_SELECTOR = YES;
				GCC_WARN_UNINITIALIZED_AUTOS = YES_AGGRESSIVE;
				GCC_WARN_UNUSED_FUNCTION = YES;
				GCC_WARN_UNUSED_VARIABLE = YES;
				IPHONEOS_DEPLOYMENT_TARGET = 14.2;
				MTL_ENABLE_DEBUG_INFO = INCLUDE_SOURCE;
				MTL_FAST_MATH = YES;
				ONLY_ACTIVE_ARCH = YES;
				SDKROOT = iphoneos;
				SWIFT_ACTIVE_COMPILATION_CONDITIONS = DEBUG;
				SWIFT_OPTIMIZATION_LEVEL = "-Onone";
			};
			name = Debug;
		};
		DD750FC2258674E500498DC3 /* Release */ = {
			isa = XCBuildConfiguration;
			buildSettings = {
				ALWAYS_SEARCH_USER_PATHS = NO;
				CLANG_ANALYZER_NONNULL = YES;
				CLANG_ANALYZER_NUMBER_OBJECT_CONVERSION = YES_AGGRESSIVE;
				CLANG_CXX_LANGUAGE_STANDARD = "gnu++14";
				CLANG_CXX_LIBRARY = "libc++";
				CLANG_ENABLE_MODULES = YES;
				CLANG_ENABLE_OBJC_ARC = YES;
				CLANG_ENABLE_OBJC_WEAK = YES;
				CLANG_WARN_BLOCK_CAPTURE_AUTORELEASING = YES;
				CLANG_WARN_BOOL_CONVERSION = YES;
				CLANG_WARN_COMMA = YES;
				CLANG_WARN_CONSTANT_CONVERSION = YES;
				CLANG_WARN_DEPRECATED_OBJC_IMPLEMENTATIONS = YES;
				CLANG_WARN_DIRECT_OBJC_ISA_USAGE = YES_ERROR;
				CLANG_WARN_DOCUMENTATION_COMMENTS = YES;
				CLANG_WARN_EMPTY_BODY = YES;
				CLANG_WARN_ENUM_CONVERSION = YES;
				CLANG_WARN_INFINITE_RECURSION = YES;
				CLANG_WARN_INT_CONVERSION = YES;
				CLANG_WARN_NON_LITERAL_NULL_CONVERSION = YES;
				CLANG_WARN_OBJC_IMPLICIT_RETAIN_SELF = YES;
				CLANG_WARN_OBJC_LITERAL_CONVERSION = YES;
				CLANG_WARN_OBJC_ROOT_CLASS = YES_ERROR;
				CLANG_WARN_QUOTED_INCLUDE_IN_FRAMEWORK_HEADER = YES;
				CLANG_WARN_RANGE_LOOP_ANALYSIS = YES;
				CLANG_WARN_STRICT_PROTOTYPES = YES;
				CLANG_WARN_SUSPICIOUS_MOVE = YES;
				CLANG_WARN_UNGUARDED_AVAILABILITY = YES_AGGRESSIVE;
				CLANG_WARN_UNREACHABLE_CODE = YES;
				CLANG_WARN__DUPLICATE_METHOD_MATCH = YES;
				COPY_PHASE_STRIP = NO;
				DEBUG_INFORMATION_FORMAT = "dwarf-with-dsym";
				ENABLE_NS_ASSERTIONS = NO;
				ENABLE_STRICT_OBJC_MSGSEND = YES;
				GCC_C_LANGUAGE_STANDARD = gnu11;
				GCC_NO_COMMON_BLOCKS = YES;
				GCC_WARN_64_TO_32_BIT_CONVERSION = YES;
				GCC_WARN_ABOUT_RETURN_TYPE = YES_ERROR;
				GCC_WARN_UNDECLARED_SELECTOR = YES;
				GCC_WARN_UNINITIALIZED_AUTOS = YES_AGGRESSIVE;
				GCC_WARN_UNUSED_FUNCTION = YES;
				GCC_WARN_UNUSED_VARIABLE = YES;
				IPHONEOS_DEPLOYMENT_TARGET = 14.2;
				MTL_ENABLE_DEBUG_INFO = NO;
				MTL_FAST_MATH = YES;
				SDKROOT = iphoneos;
				SWIFT_COMPILATION_MODE = wholemodule;
				SWIFT_OPTIMIZATION_LEVEL = "-O";
				VALIDATE_PRODUCT = YES;
			};
			name = Release;
		};
		DD750FC4258674E500498DC3 /* Debug */ = {
			isa = XCBuildConfiguration;
			buildSettings = {
				ASSETCATALOG_COMPILER_APPICON_NAME = AppIcon;
				ASSETCATALOG_COMPILER_GLOBAL_ACCENT_COLOR_NAME = AccentColor;
				CODE_SIGN_STYLE = Automatic;
				DEVELOPMENT_TEAM = ZX5XTRMYJH;
				INFOPLIST_FILE = WizardSchoolSignUpUIKit/Info.plist;
				LD_RUNPATH_SEARCH_PATHS = (
					"$(inherited)",
					"@executable_path/Frameworks",
				);
				PRODUCT_BUNDLE_IDENTIFIER = "com.code-reviews.WizardSchoolSignUpUIKit";
				PRODUCT_NAME = "$(TARGET_NAME)";
				SWIFT_VERSION = 5.0;
				TARGETED_DEVICE_FAMILY = "1,2";
			};
			name = Debug;
		};
		DD750FC5258674E500498DC3 /* Release */ = {
			isa = XCBuildConfiguration;
			buildSettings = {
				ASSETCATALOG_COMPILER_APPICON_NAME = AppIcon;
				ASSETCATALOG_COMPILER_GLOBAL_ACCENT_COLOR_NAME = AccentColor;
				CODE_SIGN_STYLE = Automatic;
				DEVELOPMENT_TEAM = ZX5XTRMYJH;
				INFOPLIST_FILE = WizardSchoolSignUpUIKit/Info.plist;
				LD_RUNPATH_SEARCH_PATHS = (
					"$(inherited)",
					"@executable_path/Frameworks",
				);
				PRODUCT_BUNDLE_IDENTIFIER = "com.code-reviews.WizardSchoolSignUpUIKit";
				PRODUCT_NAME = "$(TARGET_NAME)";
				SWIFT_VERSION = 5.0;
				TARGETED_DEVICE_FAMILY = "1,2";
			};
			name = Release;
		};
		DD750FC7258674E500498DC3 /* Debug */ = {
			isa = XCBuildConfiguration;
			buildSettings = {
				ALWAYS_EMBED_SWIFT_STANDARD_LIBRARIES = YES;
				BUNDLE_LOADER = "$(TEST_HOST)";
				CODE_SIGN_STYLE = Automatic;
				DEVELOPMENT_TEAM = ZX5XTRMYJH;
				INFOPLIST_FILE = WizardSchoolSignUpUIKitTests/Info.plist;
				IPHONEOS_DEPLOYMENT_TARGET = 14.2;
				LD_RUNPATH_SEARCH_PATHS = (
					"$(inherited)",
					"@executable_path/Frameworks",
					"@loader_path/Frameworks",
				);
				PRODUCT_BUNDLE_IDENTIFIER = "com.code-reviews.WizardSchoolSignUpUIKitTests";
				PRODUCT_NAME = "$(TARGET_NAME)";
				SWIFT_VERSION = 5.0;
				TARGETED_DEVICE_FAMILY = "1,2";
				TEST_HOST = "$(BUILT_PRODUCTS_DIR)/WizardSchoolSignUpUIKit.app/WizardSchoolSignUpUIKit";
			};
			name = Debug;
		};
		DD750FC8258674E500498DC3 /* Release */ = {
			isa = XCBuildConfiguration;
			buildSettings = {
				ALWAYS_EMBED_SWIFT_STANDARD_LIBRARIES = YES;
				BUNDLE_LOADER = "$(TEST_HOST)";
				CODE_SIGN_STYLE = Automatic;
				DEVELOPMENT_TEAM = ZX5XTRMYJH;
				INFOPLIST_FILE = WizardSchoolSignUpUIKitTests/Info.plist;
				IPHONEOS_DEPLOYMENT_TARGET = 14.2;
				LD_RUNPATH_SEARCH_PATHS = (
					"$(inherited)",
					"@executable_path/Frameworks",
					"@loader_path/Frameworks",
				);
				PRODUCT_BUNDLE_IDENTIFIER = "com.code-reviews.WizardSchoolSignUpUIKitTests";
				PRODUCT_NAME = "$(TARGET_NAME)";
				SWIFT_VERSION = 5.0;
				TARGETED_DEVICE_FAMILY = "1,2";
				TEST_HOST = "$(BUILT_PRODUCTS_DIR)/WizardSchoolSignUpUIKit.app/WizardSchoolSignUpUIKit";
			};
			name = Release;
		};
		DD750FCA258674E500498DC3 /* Debug */ = {
			isa = XCBuildConfiguration;
			buildSettings = {
				ALWAYS_EMBED_SWIFT_STANDARD_LIBRARIES = YES;
				CODE_SIGN_STYLE = Automatic;
				DEVELOPMENT_TEAM = ZX5XTRMYJH;
				INFOPLIST_FILE = WizardSchoolSignUpUIKitUITests/Info.plist;
				LD_RUNPATH_SEARCH_PATHS = (
					"$(inherited)",
					"@executable_path/Frameworks",
					"@loader_path/Frameworks",
				);
				PRODUCT_BUNDLE_IDENTIFIER = "com.code-reviews.WizardSchoolSignUpUIKitUITests";
				PRODUCT_NAME = "$(TARGET_NAME)";
				SWIFT_VERSION = 5.0;
				TARGETED_DEVICE_FAMILY = "1,2";
				TEST_TARGET_NAME = WizardSchoolSignUpUIKit;
			};
			name = Debug;
		};
		DD750FCB258674E500498DC3 /* Release */ = {
			isa = XCBuildConfiguration;
			buildSettings = {
				ALWAYS_EMBED_SWIFT_STANDARD_LIBRARIES = YES;
				CODE_SIGN_STYLE = Automatic;
				DEVELOPMENT_TEAM = ZX5XTRMYJH;
				INFOPLIST_FILE = WizardSchoolSignUpUIKitUITests/Info.plist;
				LD_RUNPATH_SEARCH_PATHS = (
					"$(inherited)",
					"@executable_path/Frameworks",
					"@loader_path/Frameworks",
				);
				PRODUCT_BUNDLE_IDENTIFIER = "com.code-reviews.WizardSchoolSignUpUIKitUITests";
				PRODUCT_NAME = "$(TARGET_NAME)";
				SWIFT_VERSION = 5.0;
				TARGETED_DEVICE_FAMILY = "1,2";
				TEST_TARGET_NAME = WizardSchoolSignUpUIKit;
			};
			name = Release;
		};
/* End XCBuildConfiguration section */

/* Begin XCConfigurationList section */
		DD750F94258674E300498DC3 /* Build configuration list for PBXProject "WizardSchoolSignUpUIKit" */ = {
			isa = XCConfigurationList;
			buildConfigurations = (
				DD750FC1258674E500498DC3 /* Debug */,
				DD750FC2258674E500498DC3 /* Release */,
			);
			defaultConfigurationIsVisible = 0;
			defaultConfigurationName = Release;
		};
		DD750FC3258674E500498DC3 /* Build configuration list for PBXNativeTarget "WizardSchoolSignUpUIKit" */ = {
			isa = XCConfigurationList;
			buildConfigurations = (
				DD750FC4258674E500498DC3 /* Debug */,
				DD750FC5258674E500498DC3 /* Release */,
			);
			defaultConfigurationIsVisible = 0;
			defaultConfigurationName = Release;
		};
		DD750FC6258674E500498DC3 /* Build configuration list for PBXNativeTarget "WizardSchoolSignUpUIKitTests" */ = {
			isa = XCConfigurationList;
			buildConfigurations = (
				DD750FC7258674E500498DC3 /* Debug */,
				DD750FC8258674E500498DC3 /* Release */,
			);
			defaultConfigurationIsVisible = 0;
			defaultConfigurationName = Release;
		};
		DD750FC9258674E500498DC3 /* Build configuration list for PBXNativeTarget "WizardSchoolSignUpUIKitUITests" */ = {
			isa = XCConfigurationList;
			buildConfigurations = (
				DD750FCA258674E500498DC3 /* Debug */,
				DD750FCB258674E500498DC3 /* Release */,
			);
			defaultConfigurationIsVisible = 0;
			defaultConfigurationName = Release;
		};
/* End XCConfigurationList section */
	};
	rootObject = DD750F91258674E300498DC3 /* Project object */;
}
